// !$*UTF8*$!
{
	archiveVersion = 1;
	classes = {
	};
	objectVersion = 46;
	objects = {

/* Begin PBXBuildFile section */
		958B52FF1CF2FDC000E38EFB /* main.m in Sources */ = {isa = PBXBuildFile; fileRef = 958B52FE1CF2FDC000E38EFB /* main.m */; };
		958B53021CF2FDC000E38EFB /* AppDelegate.m in Sources */ = {isa = PBXBuildFile; fileRef = 958B53011CF2FDC000E38EFB /* AppDelegate.m */; };
		958B53051CF2FDC000E38EFB /* ViewController.m in Sources */ = {isa = PBXBuildFile; fileRef = 958B53041CF2FDC000E38EFB /* ViewController.m */; };
		958B53081CF2FDC000E38EFB /* Main.storyboard in Resources */ = {isa = PBXBuildFile; fileRef = 958B53061CF2FDC000E38EFB /* Main.storyboard */; };
		958B530A1CF2FDC000E38EFB /* Assets.xcassets in Resources */ = {isa = PBXBuildFile; fileRef = 958B53091CF2FDC000E38EFB /* Assets.xcassets */; };
		958B530D1CF2FDC000E38EFB /* LaunchScreen.storyboard in Resources */ = {isa = PBXBuildFile; fileRef = 958B530B1CF2FDC000E38EFB /* LaunchScreen.storyboard */; };
/* End PBXBuildFile section */

/* Begin PBXFileReference section */
		958B52FA1CF2FDC000E38EFB /* TrialAppZET.app */ = {isa = PBXFileReference; explicitFileType = wrapper.application; includeInIndex = 0; path = TrialAppZET.app; sourceTree = BUILT_PRODUCTS_DIR; };
		958B52FE1CF2FDC000E38EFB /* main.m */ = {isa = PBXFileReference; lastKnownFileType = sourcecode.c.objc; path = main.m; sourceTree = "<group>"; };
		958B53001CF2FDC000E38EFB /* AppDelegate.h */ = {isa = PBXFileReference; lastKnownFileType = sourcecode.c.h; path = AppDelegate.h; sourceTree = "<group>"; };
		958B53011CF2FDC000E38EFB /* AppDelegate.m */ = {isa = PBXFileReference; lastKnownFileType = sourcecode.c.objc; path = AppDelegate.m; sourceTree = "<group>"; };
		958B53031CF2FDC000E38EFB /* ViewController.h */ = {isa = PBXFileReference; lastKnownFileType = sourcecode.c.h; path = ViewController.h; sourceTree = "<group>"; };
		958B53041CF2FDC000E38EFB /* ViewController.m */ = {isa = PBXFileReference; lastKnownFileType = sourcecode.c.objc; path = ViewController.m; sourceTree = "<group>"; };
		958B53071CF2FDC000E38EFB /* Base */ = {isa = PBXFileReference; lastKnownFileType = file.storyboard; name = Base; path = Base.lproj/Main.storyboard; sourceTree = "<group>"; };
		958B53091CF2FDC000E38EFB /* Assets.xcassets */ = {isa = PBXFileReference; lastKnownFileType = folder.assetcatalog; path = Assets.xcassets; sourceTree = "<group>"; };
		958B530C1CF2FDC000E38EFB /* Base */ = {isa = PBXFileReference; lastKnownFileType = file.storyboard; name = Base; path = Base.lproj/LaunchScreen.storyboard; sourceTree = "<group>"; };
		958B530E1CF2FDC000E38EFB /* Info.plist */ = {isa = PBXFileReference; lastKnownFileType = text.plist.xml; path = Info.plist; sourceTree = "<group>"; };
/* End PBXFileReference section */

/* Begin PBXFrameworksBuildPhase section */
		958B52F71CF2FDC000E38EFB /* Frameworks */ = {
			isa = PBXFrameworksBuildPhase;
			buildActionMask = 2147483647;
			files = (
			);
			runOnlyForDeploymentPostprocessing = 0;
		};
/* End PBXFrameworksBuildPhase section */

/* Begin PBXGroup section */
		958B52F11CF2FDC000E38EFB = {
			isa = PBXGroup;
			children = (
				958B52FC1CF2FDC000E38EFB /* TrialAppZET */,
				958B52FB1CF2FDC000E38EFB /* Products */,
			);
			sourceTree = "<group>";
		};
		958B52FB1CF2FDC000E38EFB /* Products */ = {
			isa = PBXGroup;
			children = (
				958B52FA1CF2FDC000E38EFB /* TrialAppZET.app */,
			);
			name = Products;
			sourceTree = "<group>";
		};
		958B52FC1CF2FDC000E38EFB /* TrialAppZET */ = {
			isa = PBXGroup;
			children = (
				958B53001CF2FDC000E38EFB /* AppDelegate.h */,
				958B53011CF2FDC000E38EFB /* AppDelegate.m */,
				958B53031CF2FDC000E38EFB /* ViewController.h */,
				958B53041CF2FDC000E38EFB /* ViewController.m */,
				958B53061CF2FDC000E38EFB /* Main.storyboard */,
				958B53091CF2FDC000E38EFB /* Assets.xcassets */,
				958B530B1CF2FDC000E38EFB /* LaunchScreen.storyboard */,
				958B530E1CF2FDC000E38EFB /* Info.plist */,
				958B52FD1CF2FDC000E38EFB /* Supporting Files */,
			);
			path = TrialAppZET;
			sourceTree = "<group>";
		};
		958B52FD1CF2FDC000E38EFB /* Supporting Files */ = {
			isa = PBXGroup;
			children = (
				958B52FE1CF2FDC000E38EFB /* main.m */,
			);
			name = "Supporting Files";
			sourceTree = "<group>";
		};
/* End PBXGroup section */

/* Begin PBXNativeTarget section */
		958B52F91CF2FDC000E38EFB /* TrialAppZET */ = {
			isa = PBXNativeTarget;
			buildConfigurationList = 958B53111CF2FDC000E38EFB /* Build configuration list for PBXNativeTarget "TrialAppZET" */;
			buildPhases = (
				958B52F61CF2FDC000E38EFB /* Sources */,
				958B52F71CF2FDC000E38EFB /* Frameworks */,
				958B52F81CF2FDC000E38EFB /* Resources */,
			);
			buildRules = (
			);
			dependencies = (
			);
			name = TrialAppZET;
			productName = TrialAppZET;
			productReference = 958B52FA1CF2FDC000E38EFB /* TrialAppZET.app */;
			productType = "com.apple.product-type.application";
		};
/* End PBXNativeTarget section */

/* Begin PBXProject section */
		958B52F21CF2FDC000E38EFB /* Project object */ = {
			isa = PBXProject;
			attributes = {
				LastUpgradeCheck = 0730;
				ORGANIZATIONNAME = Mashkius;
				TargetAttributes = {
					958B52F91CF2FDC000E38EFB = {
						CreatedOnToolsVersion = 7.3.1;
					};
				};
			};
			buildConfigurationList = 958B52F51CF2FDC000E38EFB /* Build configuration list for PBXProject "TrialAppZET" */;
			compatibilityVersion = "Xcode 3.2";
			developmentRegion = English;
			hasScannedForEncodings = 0;
			knownRegions = (
				en,
				Base,
			);
			mainGroup = 958B52F11CF2FDC000E38EFB;
			productRefGroup = 958B52FB1CF2FDC000E38EFB /* Products */;
			projectDirPath = "";
			projectRoot = "";
			targets = (
				958B52F91CF2FDC000E38EFB /* TrialAppZET */,
			);
		};
/* End PBXProject section */

/* Begin PBXResourcesBuildPhase section */
		958B52F81CF2FDC000E38EFB /* Resources */ = {
			isa = PBXResourcesBuildPhase;
			buildActionMask = 2147483647;
			files = (
				958B530D1CF2FDC000E38EFB /* LaunchScreen.storyboard in Resources */,
				958B530A1CF2FDC000E38EFB /* Assets.xcassets in Resources */,
				958B53081CF2FDC000E38EFB /* Main.storyboard in Resources */,
			);
			runOnlyForDeploymentPostprocessing = 0;
		};
/* End PBXResourcesBuildPhase section */

/* Begin PBXSourcesBuildPhase section */
		958B52F61CF2FDC000E38EFB /* Sources */ = {
			isa = PBXSourcesBuildPhase;
			buildActionMask = 2147483647;
			files = (
				958B53051CF2FDC000E38EFB /* ViewController.m in Sources */,
				958B53021CF2FDC000E38EFB /* AppDelegate.m in Sources */,
				958B52FF1CF2FDC000E38EFB /* main.m in Sources */,
			);
			runOnlyForDeploymentPostprocessing = 0;
		};
/* End PBXSourcesBuildPhase section */

/* Begin PBXVariantGroup section */
		958B53061CF2FDC000E38EFB /* Main.storyboard */ = {
			isa = PBXVariantGroup;
			children = (
				958B53071CF2FDC000E38EFB /* Base */,
			);
			name = Main.storyboard;
			sourceTree = "<group>";
		};
		958B530B1CF2FDC000E38EFB /* LaunchScreen.storyboard */ = {
			isa = PBXVariantGroup;
			children = (
				958B530C1CF2FDC000E38EFB /* Base */,
			);
			name = LaunchScreen.storyboard;
			sourceTree = "<group>";
		};
/* End PBXVariantGroup section */

/* Begin XCBuildConfiguration section */
		958B530F1CF2FDC000E38EFB /* Debug */ = {
			isa = XCBuildConfiguration;
			buildSettings = {
				ALWAYS_SEARCH_USER_PATHS = NO;
				CLANG_ANALYZER_NONNULL = YES;
				CLANG_CXX_LANGUAGE_STANDARD = "gnu++0x";
				CLANG_CXX_LIBRARY = "libc++";
				CLANG_ENABLE_MODULES = YES;
				CLANG_ENABLE_OBJC_ARC = YES;
				CLANG_WARN_BOOL_CONVERSION = YES;
				CLANG_WARN_CONSTANT_CONVERSION = YES;
				CLANG_WARN_DIRECT_OBJC_ISA_USAGE = YES_ERROR;
				CLANG_WARN_EMPTY_BODY = YES;
				CLANG_WARN_ENUM_CONVERSION = YES;
				CLANG_WARN_INT_CONVERSION = YES;
				CLANG_WARN_OBJC_ROOT_CLASS = YES_ERROR;
				CLANG_WARN_UNREACHABLE_CODE = YES;
				CLANG_WARN__DUPLICATE_METHOD_MATCH = YES;
				"CODE_SIGN_IDENTITY[sdk=iphoneos*]" = "iPhone Developer";
				COPY_PHASE_STRIP = NO;
				DEBUG_INFORMATION_FORMAT = dwarf;
				ENABLE_STRICT_OBJC_MSGSEND = YES;
				ENABLE_TESTABILITY = YES;
				GCC_C_LANGUAGE_STANDARD = gnu99;
				GCC_DYNAMIC_NO_PIC = NO;
				GCC_NO_COMMON_BLOCKS = YES;
				GCC_OPTIMIZATION_LEVEL = 0;
				GCC_PREPROCESSOR_DEFINITIONS = (
					"DEBUG=1",
					"$(inherited)",
				);
				GCC_WARN_64_TO_32_BIT_CONVERSION = YES;
				GCC_WARN_ABOUT_RETURN_TYPE = YES_ERROR;
				GCC_WARN_UNDECLARED_SELECTOR = YES;
				GCC_WARN_UNINITIALIZED_AUTOS = YES_AGGRESSIVE;
				GCC_WARN_UNUSED_FUNCTION = YES;
				GCC_WARN_UNUSED_VARIABLE = YES;
				IPHONEOS_DEPLOYMENT_TARGET = 9.3;
				MTL_ENABLE_DEBUG_INFO = YES;
				ONLY_ACTIVE_ARCH = YES;
				SDKROOT = iphoneos;
			};
			name = Debug;
		};
		958B53101CF2FDC000E38EFB /* Release */ = {
			isa = XCBuildConfiguration;
			buildSettings = {
				ALWAYS_SEARCH_USER_PATHS = NO;
				CLANG_ANALYZER_NONNULL = YES;
				CLANG_CXX_LANGUAGE_STANDARD = "gnu++0x";
				CLANG_CXX_LIBRARY = "libc++";
				CLANG_ENABLE_MODULES = YES;
				CLANG_ENABLE_OBJC_ARC = YES;
				CLANG_WARN_BOOL_CONVERSION = YES;
				CLANG_WARN_CONSTANT_CONVERSION = YES;
				CLANG_WARN_DIRECT_OBJC_ISA_USAGE = YES_ERROR;
				CLANG_WARN_EMPTY_BODY = YES;
				CLANG_WARN_ENUM_CONVERSION = YES;
				CLANG_WARN_INT_CONVERSION = YES;
				CLANG_WARN_OBJC_ROOT_CLASS = YES_ERROR;
				CLANG_WARN_UNREACHABLE_CODE = YES;
				CLANG_WARN__DUPLICATE_METHOD_MATCH = YES;
				"CODE_SIGN_IDENTITY[sdk=iphoneos*]" = "iPhone Developer";
				COPY_PHASE_STRIP = NO;
				DEBUG_INFORMATION_FORMAT = "dwarf-with-dsym";
				ENABLE_NS_ASSERTIONS = NO;
				ENABLE_STRICT_OBJC_MSGSEND = YES;
				GCC_C_LANGUAGE_STANDARD = gnu99;
				GCC_NO_COMMON_BLOCKS = YES;
				GCC_WARN_64_TO_32_BIT_CONVERSION = YES;
				GCC_WARN_ABOUT_RETURN_TYPE = YES_ERROR;
				GCC_WARN_UNDECLARED_SELECTOR = YES;
				GCC_WARN_UNINITIALIZED_AUTOS = YES_AGGRESSIVE;
				GCC_WARN_UNUSED_FUNCTION = YES;
				GCC_WARN_UNUSED_VARIABLE = YES;
				IPHONEOS_DEPLOYMENT_TARGET = 9.3;
				MTL_ENABLE_DEBUG_INFO = NO;
				SDKROOT = iphoneos;
				VALIDATE_PRODUCT = YES;
			};
			name = Release;
		};
		958B53121CF2FDC000E38EFB /* Debug */ = {
			isa = XCBuildConfiguration;
			buildSettings = {
				ASSETCATALOG_COMPILER_APPICON_NAME = AppIcon;
				INFOPLIST_FILE = TrialAppZET/Info.plist;
				LD_RUNPATH_SEARCH_PATHS = "$(inherited) @executable_path/Frameworks";
				PRODUCT_BUNDLE_IDENTIFIER = mashkius.TrialAppZET;
				PRODUCT_NAME = "$(TARGET_NAME)";
			};
			name = Debug;
		};
		958B53131CF2FDC000E38EFB /* Release */ = {
			isa = XCBuildConfiguration;
			buildSettings = {
				ASSETCATALOG_COMPILER_APPICON_NAME = AppIcon;
				INFOPLIST_FILE = TrialAppZET/Info.plist;
				LD_RUNPATH_SEARCH_PATHS = "$(inherited) @executable_path/Frameworks";
				PRODUCT_BUNDLE_IDENTIFIER = mashkius.TrialAppZET;
				PRODUCT_NAME = "$(TARGET_NAME)";
			};
			name = Release;
		};
/* End XCBuildConfiguration section */

/* Begin XCConfigurationList section */
		958B52F51CF2FDC000E38EFB /* Build configuration list for PBXProject "TrialAppZET" */ = {
			isa = XCConfigurationList;
			buildConfigurations = (
				958B530F1CF2FDC000E38EFB /* Debug */,
				958B53101CF2FDC000E38EFB /* Release */,
			);
			defaultConfigurationIsVisible = 0;
			defaultConfigurationName = Release;
		};
		958B53111CF2FDC000E38EFB /* Build configuration list for PBXNativeTarget "TrialAppZET" */ = {
			isa = XCConfigurationList;
			buildConfigurations = (
				958B53121CF2FDC000E38EFB /* Debug */,
				958B53131CF2FDC000E38EFB /* Release */,
			);
			defaultConfigurationIsVisible = 0;
		};
/* End XCConfigurationList section */
	};
	rootObject = 958B52F21CF2FDC000E38EFB /* Project object */;
}
